// !$*UTF8*$!
{
	archiveVersion = 1;
	classes = {
	};
	objectVersion = 56;
	objects = {

/* Begin PBXBuildFile section */
		016CF04036FE4F23A56DEB48 /* DoppelApp.swift in Sources */ = {isa = PBXBuildFile; fileRef = 513B73C95CC54F6D907589BD /* DoppelApp.swift */; };
		845EA038E66A44BB90D5AD07 /* Theme.swift in Sources */ = {isa = PBXBuildFile; fileRef = 80150926586545868478E9B8 /* Theme.swift */; };
		4D709DF684D2449E9D8A50DF /* Typography.swift in Sources */ = {isa = PBXBuildFile; fileRef = E9913702F1D041609A3D472C /* Typography.swift */; };
		EF1A428548DC40118FE49C83 /* Spacing.swift in Sources */ = {isa = PBXBuildFile; fileRef = DE46C5A9B7884B84AA466989 /* Spacing.swift */; };
		2845AA62E2854DC39AE1D9F4 /* ViewModifiers.swift in Sources */ = {isa = PBXBuildFile; fileRef = 22771F702C1A4A0488724911 /* ViewModifiers.swift */; };
		420B7EC38D80462690CA2AA2 /* AvatarModel.swift in Sources */ = {isa = PBXBuildFile; fileRef = B16FDA3944614920824D3788 /* AvatarModel.swift */; };
		AF002366214E42A3A67EFEE2 /* AvatarStore.swift in Sources */ = {isa = PBXBuildFile; fileRef = 051BB1D6E5614286A3F841F3 /* AvatarStore.swift */; };
		2FCD22D338F041808449289C /* AvatarFace.swift in Sources */ = {isa = PBXBuildFile; fileRef = 2BBFF83BE2294B738D07C637 /* AvatarFace.swift */; };
		FFA8B67F83FF47A98B98B94A /* AvatarBody.swift in Sources */ = {isa = PBXBuildFile; fileRef = 75DFEDCE86F7476EB0E0A62F /* AvatarBody.swift */; };
		F5BA0D23AFB84FDD97ED06BE /* AvatarView.swift in Sources */ = {isa = PBXBuildFile; fileRef = 79786040AEF9493A8389B093 /* AvatarView.swift */; };
		78C860B1A0F641878C067BFA /* AvatarCustomizeView.swift in Sources */ = {isa = PBXBuildFile; fileRef = B17A44924EEB4E4DB456CA4E /* AvatarCustomizeView.swift */; };
		7E367F1BAE4E48CB84A4811D /* HomeView.swift in Sources */ = {isa = PBXBuildFile; fileRef = C159CC0EB0CF445C90731B89 /* HomeView.swift */; };
		F641FE18314242B8B4E1ED76 /* GlowBackground.swift in Sources */ = {isa = PBXBuildFile; fileRef = 4E9400D4D7754033820157EB /* GlowBackground.swift */; };
		A6CDC58AF0C146AC86B6BBAA /* PrimaryButton.swift in Sources */ = {isa = PBXBuildFile; fileRef = E91D5CFE2AAF45ACA9397715 /* PrimaryButton.swift */; };
		B34980F362D44F5AA63509AF /* IconButton.swift in Sources */ = {isa = PBXBuildFile; fileRef = 025A4EA720A040F290B10C38 /* IconButton.swift */; };
		7AF4AABF05F040F088F9A96A /* Glyphs.swift in Sources */ = {isa = PBXBuildFile; fileRef = BE9D342777384C41A88BBE26 /* Glyphs.swift */; };
		695EF703DD94472094A2B00F /* TraitPicker.swift in Sources */ = {isa = PBXBuildFile; fileRef = 0ECB584D4FB74FAFAC40F7EC /* TraitPicker.swift */; };
		75B7A1E6C5BD4D1FA8CA5940 /* DayStrip.swift in Sources */ = {isa = PBXBuildFile; fileRef = 8693926F677243C7B00ADB6A /* DayStrip.swift */; };
		6896F3C0C19249EFAF42C767 /* SupabaseConfig.swift in Sources */ = {isa = PBXBuildFile; fileRef = 834829E223A546AE83C04086 /* SupabaseConfig.swift */; };
		0FCAAD3A249049AEB35F42D5 /* AuthService.swift in Sources */ = {isa = PBXBuildFile; fileRef = C565EA0820D4490188F7BE99 /* AuthService.swift */; };
		2A0BEF3A11ED4AD2B0819A03 /* LoginView.swift in Sources */ = {isa = PBXBuildFile; fileRef = 249E25CACD5F4B6A99331F65 /* LoginView.swift */; };
		9F84C8B6FE804487B19DBEF5 /* Assets.xcassets in Resources */ = {isa = PBXBuildFile; fileRef = 8EE3D4F4D6514E399E9CDCED /* Assets.xcassets */; };
		569239B9475D4D5BBE3F1AF3 /* Outfit-Regular.ttf in Resources */ = {isa = PBXBuildFile; fileRef = 8DAA46DAF3E4438BA418AC3E /* Outfit-Regular.ttf */; };
		3EAEE5CDFD8A46DC97600FB7 /* Outfit-Medium.ttf in Resources */ = {isa = PBXBuildFile; fileRef = DD9756781148455CAAF37AA9 /* Outfit-Medium.ttf */; };
		81AE3DA1D2874DA3A231CFBC /* Outfit-SemiBold.ttf in Resources */ = {isa = PBXBuildFile; fileRef = 7131DB0E7D2F4B2BA362A665 /* Outfit-SemiBold.ttf */; };
		3A15D35B59864599879DF0E4 /* Outfit-Bold.ttf in Resources */ = {isa = PBXBuildFile; fileRef = 56EFC20C36A347A48B09EF28 /* Outfit-Bold.ttf */; };
		19772683F85D4DDDBCE73464 /* Unbounded-Bold.ttf in Resources */ = {isa = PBXBuildFile; fileRef = 0587A97869D942EDAB7060F8 /* Unbounded-Bold.ttf */; };
		642756F5158C4855BA95966B /* Unbounded-ExtraBold.ttf in Resources */ = {isa = PBXBuildFile; fileRef = C90E4EB308CB4ABE9573FDA9 /* Unbounded-ExtraBold.ttf */; };
/* End PBXBuildFile section */

/* Begin PBXFileReference section */
		513B73C95CC54F6D907589BD /* DoppelApp.swift */ = {isa = PBXFileReference; lastKnownFileType = sourcecode.swift; path = DoppelApp.swift; sourceTree = "<group>"; };
		80150926586545868478E9B8 /* Theme.swift */ = {isa = PBXFileReference; lastKnownFileType = sourcecode.swift; path = Theme.swift; sourceTree = "<group>"; };
		E9913702F1D041609A3D472C /* Typography.swift */ = {isa = PBXFileReference; lastKnownFileType = sourcecode.swift; path = Typography.swift; sourceTree = "<group>"; };
		DE46C5A9B7884B84AA466989 /* Spacing.swift */ = {isa = PBXFileReference; lastKnownFileType = sourcecode.swift; path = Spacing.swift; sourceTree = "<group>"; };
		22771F702C1A4A0488724911 /* ViewModifiers.swift */ = {isa = PBXFileReference; lastKnownFileType = sourcecode.swift; path = ViewModifiers.swift; sourceTree = "<group>"; };
		B16FDA3944614920824D3788 /* AvatarModel.swift */ = {isa = PBXFileReference; lastKnownFileType = sourcecode.swift; path = AvatarModel.swift; sourceTree = "<group>"; };
		051BB1D6E5614286A3F841F3 /* AvatarStore.swift */ = {isa = PBXFileReference; lastKnownFileType = sourcecode.swift; path = AvatarStore.swift; sourceTree = "<group>"; };
		2BBFF83BE2294B738D07C637 /* AvatarFace.swift */ = {isa = PBXFileReference; lastKnownFileType = sourcecode.swift; path = AvatarFace.swift; sourceTree = "<group>"; };
		75DFEDCE86F7476EB0E0A62F /* AvatarBody.swift */ = {isa = PBXFileReference; lastKnownFileType = sourcecode.swift; path = AvatarBody.swift; sourceTree = "<group>"; };
		79786040AEF9493A8389B093 /* AvatarView.swift */ = {isa = PBXFileReference; lastKnownFileType = sourcecode.swift; path = AvatarView.swift; sourceTree = "<group>"; };
		B17A44924EEB4E4DB456CA4E /* AvatarCustomizeView.swift */ = {isa = PBXFileReference; lastKnownFileType = sourcecode.swift; path = AvatarCustomizeView.swift; sourceTree = "<group>"; };
		C159CC0EB0CF445C90731B89 /* HomeView.swift */ = {isa = PBXFileReference; lastKnownFileType = sourcecode.swift; path = HomeView.swift; sourceTree = "<group>"; };
		4E9400D4D7754033820157EB /* GlowBackground.swift */ = {isa = PBXFileReference; lastKnownFileType = sourcecode.swift; path = GlowBackground.swift; sourceTree = "<group>"; };
		E91D5CFE2AAF45ACA9397715 /* PrimaryButton.swift */ = {isa = PBXFileReference; lastKnownFileType = sourcecode.swift; path = PrimaryButton.swift; sourceTree = "<group>"; };
		025A4EA720A040F290B10C38 /* IconButton.swift */ = {isa = PBXFileReference; lastKnownFileType = sourcecode.swift; path = IconButton.swift; sourceTree = "<group>"; };
		BE9D342777384C41A88BBE26 /* Glyphs.swift */ = {isa = PBXFileReference; lastKnownFileType = sourcecode.swift; path = Glyphs.swift; sourceTree = "<group>"; };
		0ECB584D4FB74FAFAC40F7EC /* TraitPicker.swift */ = {isa = PBXFileReference; lastKnownFileType = sourcecode.swift; path = TraitPicker.swift; sourceTree = "<group>"; };
		8693926F677243C7B00ADB6A /* DayStrip.swift */ = {isa = PBXFileReference; lastKnownFileType = sourcecode.swift; path = DayStrip.swift; sourceTree = "<group>"; };
		834829E223A546AE83C04086 /* SupabaseConfig.swift */ = {isa = PBXFileReference; lastKnownFileType = sourcecode.swift; path = SupabaseConfig.swift; sourceTree = "<group>"; };
		C565EA0820D4490188F7BE99 /* AuthService.swift */ = {isa = PBXFileReference; lastKnownFileType = sourcecode.swift; path = AuthService.swift; sourceTree = "<group>"; };
		249E25CACD5F4B6A99331F65 /* LoginView.swift */ = {isa = PBXFileReference; lastKnownFileType = sourcecode.swift; path = LoginView.swift; sourceTree = "<group>"; };
		8EE3D4F4D6514E399E9CDCED /* Assets.xcassets */ = {isa = PBXFileReference; lastKnownFileType = folder.assetcatalog; path = Assets.xcassets; sourceTree = "<group>"; };
		168539D8D17449BFB12F572A /* Preview Assets.xcassets */ = {isa = PBXFileReference; lastKnownFileType = folder.assetcatalog; path = "Preview Assets.xcassets"; sourceTree = "<group>"; };
		E34F6B6CC5D54292A6A10E54 /* Doppel.app */ = {isa = PBXFileReference; explicitFileType = wrapper.application; includeInIndex = 0; path = Doppel.app; sourceTree = BUILT_PRODUCTS_DIR; };
		D3A5CF1D1CCF44A2825F507D /* Info.plist */ = {isa = PBXFileReference; lastKnownFileType = text.plist.xml; path = Info.plist; sourceTree = "<group>"; };
		8DAA46DAF3E4438BA418AC3E /* Outfit-Regular.ttf */ = {isa = PBXFileReference; lastKnownFileType = file; path = Outfit-Regular.ttf; sourceTree = "<group>"; };
		DD9756781148455CAAF37AA9 /* Outfit-Medium.ttf */ = {isa = PBXFileReference; lastKnownFileType = file; path = Outfit-Medium.ttf; sourceTree = "<group>"; };
		7131DB0E7D2F4B2BA362A665 /* Outfit-SemiBold.ttf */ = {isa = PBXFileReference; lastKnownFileType = file; path = Outfit-SemiBold.ttf; sourceTree = "<group>"; };
		56EFC20C36A347A48B09EF28 /* Outfit-Bold.ttf */ = {isa = PBXFileReference; lastKnownFileType = file; path = Outfit-Bold.ttf; sourceTree = "<group>"; };
		0587A97869D942EDAB7060F8 /* Unbounded-Bold.ttf */ = {isa = PBXFileReference; lastKnownFileType = file; path = Unbounded-Bold.ttf; sourceTree = "<group>"; };
		C90E4EB308CB4ABE9573FDA9 /* Unbounded-ExtraBold.ttf */ = {isa = PBXFileReference; lastKnownFileType = file; path = Unbounded-ExtraBold.ttf; sourceTree = "<group>"; };
/* End PBXFileReference section */

/* Begin PBXFrameworksBuildPhase section */
		B485554BB18D46A9A581F4E4 /* Frameworks */ = {
			isa = PBXFrameworksBuildPhase;
			buildActionMask = 2147483647;
			files = (
			);
			runOnlyForDeploymentPostprocessing = 0;
		};
/* End PBXFrameworksBuildPhase section */

/* Begin PBXGroup section */
		5CED6EBC963B4A248D185179 = {
			isa = PBXGroup;
			children = (
				410880DE561A4254BCEAC611 /* Doppel */,
				1A1112CD72A74B4D9C897E2D /* Products */,
			);
			sourceTree = "<group>";
		};
		1A1112CD72A74B4D9C897E2D /* Products */ = {
			isa = PBXGroup;
			children = (
				E34F6B6CC5D54292A6A10E54 /* Doppel.app */,
			);
			name = Products;
			sourceTree = "<group>";
		};
		410880DE561A4254BCEAC611 /* Doppel */ = {
			isa = PBXGroup;
			children = (
				3A7A6F2A77E144E9A3C336BA /* App */,
				F9EC31D632D845D6BEA1E3E1 /* DesignSystem */,
				55EAFE3353FA4F9D80D5E908 /* Avatar */,
				3D52A5ABE3D34939B30BA0A7 /* Home */,
				DF3CE3CC762A42529A1959E2 /* Components */,
				39E9A08954A24AE5A115E68C /* Auth */,
				2B6436FAE5D4426D850F5FCE /* Resources */,
				C7E08A7F9AF04FA2B5EAA89C /* Preview Content */,
				D3A5CF1D1CCF44A2825F507D /* Info.plist */,
			);
			path = Doppel;
			sourceTree = "<group>";
		};
		3A7A6F2A77E144E9A3C336BA /* App */ = {
			isa = PBXGroup;
			children = (
				513B73C95CC54F6D907589BD /* DoppelApp.swift */,
			);
			path = App;
			sourceTree = "<group>";
		};
		F9EC31D632D845D6BEA1E3E1 /* DesignSystem */ = {
			isa = PBXGroup;
			children = (
				80150926586545868478E9B8 /* Theme.swift */,
				E9913702F1D041609A3D472C /* Typography.swift */,
				DE46C5A9B7884B84AA466989 /* Spacing.swift */,
				22771F702C1A4A0488724911 /* ViewModifiers.swift */,
			);
			path = DesignSystem;
			sourceTree = "<group>";
		};
		55EAFE3353FA4F9D80D5E908 /* Avatar */ = {
			isa = PBXGroup;
			children = (
				B16FDA3944614920824D3788 /* AvatarModel.swift */,
				051BB1D6E5614286A3F841F3 /* AvatarStore.swift */,
				2BBFF83BE2294B738D07C637 /* AvatarFace.swift */,
				75DFEDCE86F7476EB0E0A62F /* AvatarBody.swift */,
				79786040AEF9493A8389B093 /* AvatarView.swift */,
				B17A44924EEB4E4DB456CA4E /* AvatarCustomizeView.swift */,
			);
			path = Avatar;
			sourceTree = "<group>";
		};
		3D52A5ABE3D34939B30BA0A7 /* Home */ = {
			isa = PBXGroup;
			children = (
				C159CC0EB0CF445C90731B89 /* HomeView.swift */,
			);
			path = Home;
			sourceTree = "<group>";
		};
		DF3CE3CC762A42529A1959E2 /* Components */ = {
			isa = PBXGroup;
			children = (
				4E9400D4D7754033820157EB /* GlowBackground.swift */,
				E91D5CFE2AAF45ACA9397715 /* PrimaryButton.swift */,
				025A4EA720A040F290B10C38 /* IconButton.swift */,
				BE9D342777384C41A88BBE26 /* Glyphs.swift */,
				0ECB584D4FB74FAFAC40F7EC /* TraitPicker.swift */,
				8693926F677243C7B00ADB6A /* DayStrip.swift */,
			);
			path = Components;
			sourceTree = "<group>";
		};
		39E9A08954A24AE5A115E68C /* Auth */ = {
			isa = PBXGroup;
			children = (
				834829E223A546AE83C04086 /* SupabaseConfig.swift */,
				C565EA0820D4490188F7BE99 /* AuthService.swift */,
				249E25CACD5F4B6A99331F65 /* LoginView.swift */,
			);
			path = Auth;
			sourceTree = "<group>";
		};
		2B6436FAE5D4426D850F5FCE /* Resources */ = {
			isa = PBXGroup;
			children = (
				8EE3D4F4D6514E399E9CDCED /* Assets.xcassets */,
				A6EADAE2BD914A28A02031BD /* Fonts */,
			);
			path = Resources;
			sourceTree = "<group>";
		};
		A6EADAE2BD914A28A02031BD /* Fonts */ = {
			isa = PBXGroup;
			children = (
				8DAA46DAF3E4438BA418AC3E /* Outfit-Regular.ttf */,
				DD9756781148455CAAF37AA9 /* Outfit-Medium.ttf */,
				7131DB0E7D2F4B2BA362A665 /* Outfit-SemiBold.ttf */,
				56EFC20C36A347A48B09EF28 /* Outfit-Bold.ttf */,
				0587A97869D942EDAB7060F8 /* Unbounded-Bold.ttf */,
				C90E4EB308CB4ABE9573FDA9 /* Unbounded-ExtraBold.ttf */,
			);
			path = Fonts;
			sourceTree = "<group>";
		};
		C7E08A7F9AF04FA2B5EAA89C /* Preview Content */ = {
			isa = PBXGroup;
			children = (
				168539D8D17449BFB12F572A /* Preview Assets.xcassets */,
			);
			path = "Preview Content";
			sourceTree = "<group>";
		};
/* End PBXGroup section */

/* Begin PBXNativeTarget section */
		6D4B2EEBF3A24FEFAB6E0FAB /* Doppel */ = {
			isa = PBXNativeTarget;
			buildConfigurationList = ECD087C572534A1CB6AD72E5 /* Build configuration list for PBXNativeTarget "Doppel" */;
			buildPhases = (
				53531FF4A2DD414180E8703C /* Sources */,
				B485554BB18D46A9A581F4E4 /* Frameworks */,
				98A633C5AC0F4CCFB46F7137 /* Resources */,
			);
			buildRules = (
			);
			dependencies = (
			);
			name = Doppel;
			productName = Doppel;
			productReference = E34F6B6CC5D54292A6A10E54 /* Doppel.app */;
			productType = "com.apple.product-type.application";
		};
/* End PBXNativeTarget section */

/* Begin PBXProject section */
		01F91B72BE4D4F3A982618EB /* Project object */ = {
			isa = PBXProject;
			attributes = {
				BuildIndependentTargetsInParallel = 1;
				LastSwiftUpdateCheck = 1520;
				LastUpgradeCheck = 1520;
				TargetAttributes = {
					6D4B2EEBF3A24FEFAB6E0FAB = {
						CreatedOnToolsVersion = 15.2;
					};
				};
			};
			buildConfigurationList = 04744E27A56442739D9E1E8D /* Build configuration list for PBXProject "Doppel" */;
			compatibilityVersion = "Xcode 14.0";
			developmentRegion = en;
			hasScannedForEncodings = 0;
			knownRegions = (
				en,
				Base,
			);
			mainGroup = 5CED6EBC963B4A248D185179;
			productRefGroup = 1A1112CD72A74B4D9C897E2D /* Products */;
			projectDirPath = "";
			projectRoot = "";
			targets = (
				6D4B2EEBF3A24FEFAB6E0FAB /* Doppel */,
			);
		};
/* End PBXProject section */

/* Begin PBXResourcesBuildPhase section */
		98A633C5AC0F4CCFB46F7137 /* Resources */ = {
			isa = PBXResourcesBuildPhase;
			buildActionMask = 2147483647;
			files = (
				9F84C8B6FE804487B19DBEF5 /* Assets.xcassets in Resources */,
				569239B9475D4D5BBE3F1AF3 /* Outfit-Regular.ttf in Resources */,
				3EAEE5CDFD8A46DC97600FB7 /* Outfit-Medium.ttf in Resources */,
				81AE3DA1D2874DA3A231CFBC /* Outfit-SemiBold.ttf in Resources */,
				3A15D35B59864599879DF0E4 /* Outfit-Bold.ttf in Resources */,
				19772683F85D4DDDBCE73464 /* Unbounded-Bold.ttf in Resources */,
				642756F5158C4855BA95966B /* Unbounded-ExtraBold.ttf in Resources */,
			);
			runOnlyForDeploymentPostprocessing = 0;
		};
/* End PBXResourcesBuildPhase section */

/* Begin PBXSourcesBuildPhase section */
		53531FF4A2DD414180E8703C /* Sources */ = {
			isa = PBXSourcesBuildPhase;
			buildActionMask = 2147483647;
			files = (
				016CF04036FE4F23A56DEB48 /* DoppelApp.swift in Sources */,
				845EA038E66A44BB90D5AD07 /* Theme.swift in Sources */,
				4D709DF684D2449E9D8A50DF /* Typography.swift in Sources */,
				EF1A428548DC40118FE49C83 /* Spacing.swift in Sources */,
				2845AA62E2854DC39AE1D9F4 /* ViewModifiers.swift in Sources */,
				420B7EC38D80462690CA2AA2 /* AvatarModel.swift in Sources */,
				AF002366214E42A3A67EFEE2 /* AvatarStore.swift in Sources */,
				2FCD22D338F041808449289C /* AvatarFace.swift in Sources */,
				FFA8B67F83FF47A98B98B94A /* AvatarBody.swift in Sources */,
				F5BA0D23AFB84FDD97ED06BE /* AvatarView.swift in Sources */,
				78C860B1A0F641878C067BFA /* AvatarCustomizeView.swift in Sources */,
				7E367F1BAE4E48CB84A4811D /* HomeView.swift in Sources */,
				F641FE18314242B8B4E1ED76 /* GlowBackground.swift in Sources */,
				A6CDC58AF0C146AC86B6BBAA /* PrimaryButton.swift in Sources */,
				B34980F362D44F5AA63509AF /* IconButton.swift in Sources */,
				7AF4AABF05F040F088F9A96A /* Glyphs.swift in Sources */,
				695EF703DD94472094A2B00F /* TraitPicker.swift in Sources */,
				75B7A1E6C5BD4D1FA8CA5940 /* DayStrip.swift in Sources */,
				6896F3C0C19249EFAF42C767 /* SupabaseConfig.swift in Sources */,
				0FCAAD3A249049AEB35F42D5 /* AuthService.swift in Sources */,
				2A0BEF3A11ED4AD2B0819A03 /* LoginView.swift in Sources */,
			);
			runOnlyForDeploymentPostprocessing = 0;
		};
/* End PBXSourcesBuildPhase section */

/* Begin XCBuildConfiguration section */
		63A6D60D911D49E3AA837C0E /* Debug */ = {
			isa = XCBuildConfiguration;
			buildSettings = {
				ALWAYS_SEARCH_USER_PATHS = NO;
				ASSETCATALOG_COMPILER_GENERATE_SWIFT_ASSET_SYMBOL_EXTENSIONS = YES;
				CLANG_ANALYZER_NONNULL = YES;
				CLANG_ANALYZER_NUMBER_OBJECT_CONVERSION = YES_AGGRESSIVE;
				CLANG_CXX_LANGUAGE_STANDARD = "gnu++20";
				CLANG_ENABLE_MODULES = YES;
				CLANG_ENABLE_OBJC_ARC = YES;
				CLANG_ENABLE_OBJC_WEAK = YES;
				CLANG_WARN_BLOCK_CAPTURE_AUTORELEASING = YES;
				CLANG_WARN_BOOL_CONVERSION = YES;
				CLANG_WARN_COMMA = YES;
				CLANG_WARN_CONSTANT_CONVERSION = YES;
				CLANG_WARN_DEPRECATED_OBJC_IMPLEMENTATIONS = YES;
				CLANG_WARN_DIRECT_OBJC_ISA_USAGE = YES_ERROR;
				CLANG_WARN_DOCUMENTATION_COMMENTS = YES;
				CLANG_WARN_EMPTY_BODY = YES;
				CLANG_WARN_ENUM_CONVERSION = YES;
				CLANG_WARN_INFINITE_RECURSION = YES;
				CLANG_WARN_INT_CONVERSION = YES;
				CLANG_WARN_NON_LITERAL_NULL_CONVERSION = YES;
				CLANG_WARN_OBJC_IMPLICIT_RETAIN_SELF = YES;
				CLANG_WARN_OBJC_LITERAL_CONVERSION = YES;
				CLANG_WARN_OBJC_ROOT_CLASS = YES_ERROR;
				CLANG_WARN_QUOTED_INCLUDE_IN_FRAMEWORK_HEADER = YES;
				CLANG_WARN_RANGE_LOOP_ANALYSIS = YES;
				CLANG_WARN_STRICT_PROTOTYPES = YES;
				CLANG_WARN_SUSPICIOUS_MOVE = YES;
				CLANG_WARN_UNGUARDED_AVAILABILITY = YES_AGGRESSIVE;
				CLANG_WARN_UNREACHABLE_CODE = YES;
				CLANG_WARN__DUPLICATE_METHOD_MATCH = YES;
				COPY_PHASE_STRIP = NO;
				DEBUG_INFORMATION_FORMAT = dwarf;
				ENABLE_STRICT_OBJC_MSGSEND = YES;
				ENABLE_TESTABILITY = YES;
				ENABLE_USER_SCRIPT_SANDBOXING = YES;
				GCC_C_LANGUAGE_STANDARD = gnu17;
				GCC_DYNAMIC_NO_PIC = NO;
				GCC_NO_COMMON_BLOCKS = YES;
				GCC_OPTIMIZATION_LEVEL = 0;
				GCC_PREPROCESSOR_DEFINITIONS = (
					"DEBUG=1",
					"$(inherited)",
				);
				GCC_WARN_64_TO_32_BIT_CONVERSION = YES;
				GCC_WARN_ABOUT_RETURN_TYPE = YES_ERROR;
				GCC_WARN_UNDECLARED_SELECTOR = YES;
				GCC_WARN_UNINITIALIZED_AUTOS = YES_AGGRESSIVE;
				GCC_WARN_UNUSED_FUNCTION = YES;
				GCC_WARN_UNUSED_VARIABLE = YES;
				IPHONEOS_DEPLOYMENT_TARGET = 17.0;
				LOCALIZATION_PREFERS_STRING_CATALOGS = YES;
				MTL_ENABLE_DEBUG_INFO = INCLUDE_SOURCE;
				MTL_FAST_MATH = YES;
				ONLY_ACTIVE_ARCH = YES;
				SDKROOT = iphoneos;
				SWIFT_ACTIVE_COMPILATION_CONDITIONS = DEBUG;
				SWIFT_OPTIMIZATION_LEVEL = "-Onone";
			};
			name = Debug;
		};
		9E6E098601E44D5A95BF5671 /* Release */ = {
			isa = XCBuildConfiguration;
			buildSettings = {
				ALWAYS_SEARCH_USER_PATHS = NO;
				ASSETCATALOG_COMPILER_GENERATE_SWIFT_ASSET_SYMBOL_EXTENSIONS = YES;
				CLANG_ANALYZER_NONNULL = YES;
				CLANG_ANALYZER_NUMBER_OBJECT_CONVERSION = YES_AGGRESSIVE;
				CLANG_CXX_LANGUAGE_STANDARD = "gnu++20";
				CLANG_ENABLE_MODULES = YES;
				CLANG_ENABLE_OBJC_ARC = YES;
				CLANG_ENABLE_OBJC_WEAK = YES;
				CLANG_WARN_BLOCK_CAPTURE_AUTORELEASING = YES;
				CLANG_WARN_BOOL_CONVERSION = YES;
				CLANG_WARN_COMMA = YES;
				CLANG_WARN_CONSTANT_CONVERSION = YES;
				CLANG_WARN_DEPRECATED_OBJC_IMPLEMENTATIONS = YES;
				CLANG_WARN_DIRECT_OBJC_ISA_USAGE = YES_ERROR;
				CLANG_WARN_DOCUMENTATION_COMMENTS = YES;
				CLANG_WARN_EMPTY_BODY = YES;
				CLANG_WARN_ENUM_CONVERSION = YES;
				CLANG_WARN_INFINITE_RECURSION = YES;
				CLANG_WARN_INT_CONVERSION = YES;
				CLANG_WARN_NON_LITERAL_NULL_CONVERSION = YES;
				CLANG_WARN_OBJC_IMPLICIT_RETAIN_SELF = YES;
				CLANG_WARN_OBJC_LITERAL_CONVERSION = YES;
				CLANG_WARN_OBJC_ROOT_CLASS = YES_ERROR;
				CLANG_WARN_QUOTED_INCLUDE_IN_FRAMEWORK_HEADER = YES;
				CLANG_WARN_RANGE_LOOP_ANALYSIS = YES;
				CLANG_WARN_STRICT_PROTOTYPES = YES;
				CLANG_WARN_SUSPICIOUS_MOVE = YES;
				CLANG_WARN_UNGUARDED_AVAILABILITY = YES_AGGRESSIVE;
				CLANG_WARN_UNREACHABLE_CODE = YES;
				CLANG_WARN__DUPLICATE_METHOD_MATCH = YES;
				COPY_PHASE_STRIP = NO;
				DEBUG_INFORMATION_FORMAT = "dwarf-with-dsym";
				ENABLE_NS_ASSERTIONS = NO;
				ENABLE_STRICT_OBJC_MSGSEND = YES;
				ENABLE_USER_SCRIPT_SANDBOXING = YES;
				GCC_C_LANGUAGE_STANDARD = gnu17;
				GCC_NO_COMMON_BLOCKS = YES;
				GCC_WARN_64_TO_32_BIT_CONVERSION = YES;
				GCC_WARN_ABOUT_RETURN_TYPE = YES_ERROR;
				GCC_WARN_UNDECLARED_SELECTOR = YES;
				GCC_WARN_UNINITIALIZED_AUTOS = YES_AGGRESSIVE;
				GCC_WARN_UNUSED_FUNCTION = YES;
				GCC_WARN_UNUSED_VARIABLE = YES;
				IPHONEOS_DEPLOYMENT_TARGET = 17.0;
				LOCALIZATION_PREFERS_STRING_CATALOGS = YES;
				MTL_ENABLE_DEBUG_INFO = NO;
				MTL_FAST_MATH = YES;
				SDKROOT = iphoneos;
				SWIFT_COMPILATION_MODE = wholemodule;
				VALIDATE_PRODUCT = YES;
			};
			name = Release;
		};
		14189864855444A3ACB30190 /* Debug */ = {
			isa = XCBuildConfiguration;
			buildSettings = {
				ASSETCATALOG_COMPILER_APPICON_NAME = AppIcon;
				ASSETCATALOG_COMPILER_GLOBAL_ACCENT_COLOR_NAME = AccentColor;
				CODE_SIGN_STYLE = Automatic;
				CURRENT_PROJECT_VERSION = 1;
				DEVELOPMENT_ASSET_PATHS = "\"Doppel/Preview Content\"";
				ENABLE_PREVIEWS = YES;
				INFOPLIST_FILE = Doppel/Info.plist;
				IPHONEOS_DEPLOYMENT_TARGET = 17.0;
				LD_RUNPATH_SEARCH_PATHS = (
					"$(inherited)",
					"@executable_path/Frameworks",
				);
				MARKETING_VERSION = 1.0;
				PRODUCT_BUNDLE_IDENTIFIER = com.doppel.app;
				PRODUCT_NAME = "$(TARGET_NAME)";
				SWIFT_EMIT_LOC_STRINGS = YES;
				SWIFT_VERSION = 5.0;
				TARGETED_DEVICE_FAMILY = 1;
			};
			name = Debug;
		};
		1D15E4D1CE8A4EFEAF0A4C75 /* Release */ = {
			isa = XCBuildConfiguration;
			buildSettings = {
				ASSETCATALOG_COMPILER_APPICON_NAME = AppIcon;
				ASSETCATALOG_COMPILER_GLOBAL_ACCENT_COLOR_NAME = AccentColor;
				CODE_SIGN_STYLE = Automatic;
				CURRENT_PROJECT_VERSION = 1;
				DEVELOPMENT_ASSET_PATHS = "\"Doppel/Preview Content\"";
				ENABLE_PREVIEWS = YES;
				INFOPLIST_FILE = Doppel/Info.plist;
				IPHONEOS_DEPLOYMENT_TARGET = 17.0;
				LD_RUNPATH_SEARCH_PATHS = (
					"$(inherited)",
					"@executable_path/Frameworks",
				);
				MARKETING_VERSION = 1.0;
				PRODUCT_BUNDLE_IDENTIFIER = com.doppel.app;
				PRODUCT_NAME = "$(TARGET_NAME)";
				SWIFT_EMIT_LOC_STRINGS = YES;
				SWIFT_VERSION = 5.0;
				TARGETED_DEVICE_FAMILY = 1;
			};
			name = Release;
		};
/* End XCBuildConfiguration section */

/* Begin XCConfigurationList section */
		04744E27A56442739D9E1E8D /* Build configuration list for PBXProject "Doppel" */ = {
			isa = XCConfigurationList;
			buildConfigurations = (
				63A6D60D911D49E3AA837C0E /* Debug */,
				9E6E098601E44D5A95BF5671 /* Release */,
			);
			defaultConfigurationIsVisible = 0;
			defaultConfigurationName = Release;
		};
		ECD087C572534A1CB6AD72E5 /* Build configuration list for PBXNativeTarget "Doppel" */ = {
			isa = XCConfigurationList;
			buildConfigurations = (
				14189864855444A3ACB30190 /* Debug */,
				1D15E4D1CE8A4EFEAF0A4C75 /* Release */,
			);
			defaultConfigurationIsVisible = 0;
			defaultConfigurationName = Release;
		};
/* End XCConfigurationList section */
	};
	rootObject = 01F91B72BE4D4F3A982618EB /* Project object */;
}
