// !$*UTF8*$!
{
	archiveVersion = 1;
	classes = {
	};
	objectVersion = 56;
	objects = {

/* Begin PBXBuildFile section */
		85074EA08A26444987F567F5 /* DoppelApp.swift in Sources */ = {isa = PBXBuildFile; fileRef = 5C699230D3EA412687866D52 /* DoppelApp.swift */; };
		B7B9A0B2388F4675A931F516 /* Theme.swift in Sources */ = {isa = PBXBuildFile; fileRef = 254E54B341544A4297B9B4F1 /* Theme.swift */; };
		C3598A2D0E4046A4B666939C /* Typography.swift in Sources */ = {isa = PBXBuildFile; fileRef = 7D7C605643A243C9A05E10B7 /* Typography.swift */; };
		2B94E29702AE496B9FDAFC54 /* Spacing.swift in Sources */ = {isa = PBXBuildFile; fileRef = 524C43967EFA47A38DB8B955 /* Spacing.swift */; };
		FE6CFBE57050481C8D0FD320 /* ViewModifiers.swift in Sources */ = {isa = PBXBuildFile; fileRef = F66873ADE7EB440BBAFD5211 /* ViewModifiers.swift */; };
		F4040CF17440445285925FE0 /* AvatarModel.swift in Sources */ = {isa = PBXBuildFile; fileRef = DD3A092C06464956B307B424 /* AvatarModel.swift */; };
		51522E677B5A4F9EB46DE25D /* AvatarStore.swift in Sources */ = {isa = PBXBuildFile; fileRef = BDC38363D8594D18AA8C4B0C /* AvatarStore.swift */; };
		C937431D72CD408CBE754433 /* AvatarFace.swift in Sources */ = {isa = PBXBuildFile; fileRef = 05DEF408C8594BB98879191D /* AvatarFace.swift */; };
		2C2A5C2AFC644D968EA51907 /* AvatarBody.swift in Sources */ = {isa = PBXBuildFile; fileRef = F24586DA2EA0455CABB7617D /* AvatarBody.swift */; };
		1559DDF21C07494A8C34F5A3 /* AvatarView.swift in Sources */ = {isa = PBXBuildFile; fileRef = 2E1672D3D74D42AD9061EF02 /* AvatarView.swift */; };
		9083C2C269C44CEEBB590057 /* AvatarCustomizeView.swift in Sources */ = {isa = PBXBuildFile; fileRef = 61C112C85E7E40A0BA7F606E /* AvatarCustomizeView.swift */; };
		52E7D14DBEFC4F00B7A1E440 /* HomeView.swift in Sources */ = {isa = PBXBuildFile; fileRef = F5637EEB59E643B8AA4619CA /* HomeView.swift */; };
		10F36E032D3B46EBB5AFEF26 /* GlowBackground.swift in Sources */ = {isa = PBXBuildFile; fileRef = C488002306634C6B937AC1C1 /* GlowBackground.swift */; };
		A688C610D97C4E3097843B04 /* PrimaryButton.swift in Sources */ = {isa = PBXBuildFile; fileRef = F20C92FA05894A52B2F99DFB /* PrimaryButton.swift */; };
		B63A69E9DABD4C6780D28584 /* IconButton.swift in Sources */ = {isa = PBXBuildFile; fileRef = FD4D8D030985496986B468A5 /* IconButton.swift */; };
		753E8CFDAF7842E2B2A439F8 /* TraitPicker.swift in Sources */ = {isa = PBXBuildFile; fileRef = EFE7C21AF12C464A854C2757 /* TraitPicker.swift */; };
		503F0EB740A64569AE8DCB07 /* DayStrip.swift in Sources */ = {isa = PBXBuildFile; fileRef = C7C378F4F9EB484A88E284B4 /* DayStrip.swift */; };
		B9CFDF38191A420E9560EF86 /* Assets.xcassets in Resources */ = {isa = PBXBuildFile; fileRef = 443EFD59091A408C9282CA3E /* Assets.xcassets */; };
/* End PBXBuildFile section */

/* Begin PBXFileReference section */
		5C699230D3EA412687866D52 /* DoppelApp.swift */ = {isa = PBXFileReference; lastKnownFileType = sourcecode.swift; path = DoppelApp.swift; sourceTree = "<group>"; };
		254E54B341544A4297B9B4F1 /* Theme.swift */ = {isa = PBXFileReference; lastKnownFileType = sourcecode.swift; path = Theme.swift; sourceTree = "<group>"; };
		7D7C605643A243C9A05E10B7 /* Typography.swift */ = {isa = PBXFileReference; lastKnownFileType = sourcecode.swift; path = Typography.swift; sourceTree = "<group>"; };
		524C43967EFA47A38DB8B955 /* Spacing.swift */ = {isa = PBXFileReference; lastKnownFileType = sourcecode.swift; path = Spacing.swift; sourceTree = "<group>"; };
		F66873ADE7EB440BBAFD5211 /* ViewModifiers.swift */ = {isa = PBXFileReference; lastKnownFileType = sourcecode.swift; path = ViewModifiers.swift; sourceTree = "<group>"; };
		DD3A092C06464956B307B424 /* AvatarModel.swift */ = {isa = PBXFileReference; lastKnownFileType = sourcecode.swift; path = AvatarModel.swift; sourceTree = "<group>"; };
		BDC38363D8594D18AA8C4B0C /* AvatarStore.swift */ = {isa = PBXFileReference; lastKnownFileType = sourcecode.swift; path = AvatarStore.swift; sourceTree = "<group>"; };
		05DEF408C8594BB98879191D /* AvatarFace.swift */ = {isa = PBXFileReference; lastKnownFileType = sourcecode.swift; path = AvatarFace.swift; sourceTree = "<group>"; };
		F24586DA2EA0455CABB7617D /* AvatarBody.swift */ = {isa = PBXFileReference; lastKnownFileType = sourcecode.swift; path = AvatarBody.swift; sourceTree = "<group>"; };
		2E1672D3D74D42AD9061EF02 /* AvatarView.swift */ = {isa = PBXFileReference; lastKnownFileType = sourcecode.swift; path = AvatarView.swift; sourceTree = "<group>"; };
		61C112C85E7E40A0BA7F606E /* AvatarCustomizeView.swift */ = {isa = PBXFileReference; lastKnownFileType = sourcecode.swift; path = AvatarCustomizeView.swift; sourceTree = "<group>"; };
		F5637EEB59E643B8AA4619CA /* HomeView.swift */ = {isa = PBXFileReference; lastKnownFileType = sourcecode.swift; path = HomeView.swift; sourceTree = "<group>"; };
		C488002306634C6B937AC1C1 /* GlowBackground.swift */ = {isa = PBXFileReference; lastKnownFileType = sourcecode.swift; path = GlowBackground.swift; sourceTree = "<group>"; };
		F20C92FA05894A52B2F99DFB /* PrimaryButton.swift */ = {isa = PBXFileReference; lastKnownFileType = sourcecode.swift; path = PrimaryButton.swift; sourceTree = "<group>"; };
		FD4D8D030985496986B468A5 /* IconButton.swift */ = {isa = PBXFileReference; lastKnownFileType = sourcecode.swift; path = IconButton.swift; sourceTree = "<group>"; };
		EFE7C21AF12C464A854C2757 /* TraitPicker.swift */ = {isa = PBXFileReference; lastKnownFileType = sourcecode.swift; path = TraitPicker.swift; sourceTree = "<group>"; };
		C7C378F4F9EB484A88E284B4 /* DayStrip.swift */ = {isa = PBXFileReference; lastKnownFileType = sourcecode.swift; path = DayStrip.swift; sourceTree = "<group>"; };
		443EFD59091A408C9282CA3E /* Assets.xcassets */ = {isa = PBXFileReference; lastKnownFileType = folder.assetcatalog; path = Assets.xcassets; sourceTree = "<group>"; };
		CEF14BC1769B405884017227 /* Preview Assets.xcassets */ = {isa = PBXFileReference; lastKnownFileType = folder.assetcatalog; path = "Preview Assets.xcassets"; sourceTree = "<group>"; };
		11AE312A6AED405882E7BF7C /* Doppel.app */ = {isa = PBXFileReference; explicitFileType = wrapper.application; includeInIndex = 0; path = Doppel.app; sourceTree = BUILT_PRODUCTS_DIR; };
/* End PBXFileReference section */

/* Begin PBXFrameworksBuildPhase section */
		0EFAD5D4564846B392177A92 /* Frameworks */ = {
			isa = PBXFrameworksBuildPhase;
			buildActionMask = 2147483647;
			files = (
			);
			runOnlyForDeploymentPostprocessing = 0;
		};
/* End PBXFrameworksBuildPhase section */

/* Begin PBXGroup section */
		C9F62790119C4181882C5E7D = {
			isa = PBXGroup;
			children = (
				A79333DCEB584E80BAD9C33C /* Doppel */,
				DC582881ED78413A92C11F2B /* Products */,
			);
			sourceTree = "<group>";
		};
		DC582881ED78413A92C11F2B /* Products */ = {
			isa = PBXGroup;
			children = (
				11AE312A6AED405882E7BF7C /* Doppel.app */,
			);
			name = Products;
			sourceTree = "<group>";
		};
		A79333DCEB584E80BAD9C33C /* Doppel */ = {
			isa = PBXGroup;
			children = (
				F7861D0AC9A24B239C2CB9A2 /* App */,
				BC6635E67B694F7CBDFD7F47 /* DesignSystem */,
				66E2193CBECF4442AA87ACA9 /* Avatar */,
				BEF91C6B44874C75AC2E8F8B /* Home */,
				25E1A92A32D1420E9071BD49 /* Components */,
				D6002FF284EF40F8826260F2 /* Resources */,
				1EBF82E0BD22476CAC10AA6B /* Preview Content */,
			);
			path = Doppel;
			sourceTree = "<group>";
		};
		F7861D0AC9A24B239C2CB9A2 /* App */ = {
			isa = PBXGroup;
			children = (
				5C699230D3EA412687866D52 /* DoppelApp.swift */,
			);
			path = App;
			sourceTree = "<group>";
		};
		BC6635E67B694F7CBDFD7F47 /* DesignSystem */ = {
			isa = PBXGroup;
			children = (
				254E54B341544A4297B9B4F1 /* Theme.swift */,
				7D7C605643A243C9A05E10B7 /* Typography.swift */,
				524C43967EFA47A38DB8B955 /* Spacing.swift */,
				F66873ADE7EB440BBAFD5211 /* ViewModifiers.swift */,
			);
			path = DesignSystem;
			sourceTree = "<group>";
		};
		66E2193CBECF4442AA87ACA9 /* Avatar */ = {
			isa = PBXGroup;
			children = (
				DD3A092C06464956B307B424 /* AvatarModel.swift */,
				BDC38363D8594D18AA8C4B0C /* AvatarStore.swift */,
				05DEF408C8594BB98879191D /* AvatarFace.swift */,
				F24586DA2EA0455CABB7617D /* AvatarBody.swift */,
				2E1672D3D74D42AD9061EF02 /* AvatarView.swift */,
				61C112C85E7E40A0BA7F606E /* AvatarCustomizeView.swift */,
			);
			path = Avatar;
			sourceTree = "<group>";
		};
		BEF91C6B44874C75AC2E8F8B /* Home */ = {
			isa = PBXGroup;
			children = (
				F5637EEB59E643B8AA4619CA /* HomeView.swift */,
			);
			path = Home;
			sourceTree = "<group>";
		};
		25E1A92A32D1420E9071BD49 /* Components */ = {
			isa = PBXGroup;
			children = (
				C488002306634C6B937AC1C1 /* GlowBackground.swift */,
				F20C92FA05894A52B2F99DFB /* PrimaryButton.swift */,
				FD4D8D030985496986B468A5 /* IconButton.swift */,
				EFE7C21AF12C464A854C2757 /* TraitPicker.swift */,
				C7C378F4F9EB484A88E284B4 /* DayStrip.swift */,
			);
			path = Components;
			sourceTree = "<group>";
		};
		D6002FF284EF40F8826260F2 /* Resources */ = {
			isa = PBXGroup;
			children = (
				443EFD59091A408C9282CA3E /* Assets.xcassets */,
			);
			path = Resources;
			sourceTree = "<group>";
		};
		1EBF82E0BD22476CAC10AA6B /* Preview Content */ = {
			isa = PBXGroup;
			children = (
				CEF14BC1769B405884017227 /* Preview Assets.xcassets */,
			);
			path = "Preview Content";
			sourceTree = "<group>";
		};
/* End PBXGroup section */

/* Begin PBXNativeTarget section */
		78ECB7E47D2840B4ACF28A7F /* Doppel */ = {
			isa = PBXNativeTarget;
			buildConfigurationList = AF2CBE2637F5468380496942 /* Build configuration list for PBXNativeTarget "Doppel" */;
			buildPhases = (
				076F2FB75E654E568DA21DB7 /* Sources */,
				0EFAD5D4564846B392177A92 /* Frameworks */,
				56C61B2DAFF94F899F54DF04 /* Resources */,
			);
			buildRules = (
			);
			dependencies = (
			);
			name = Doppel;
			productName = Doppel;
			productReference = 11AE312A6AED405882E7BF7C /* Doppel.app */;
			productType = "com.apple.product-type.application";
		};
/* End PBXNativeTarget section */

/* Begin PBXProject section */
		B878E5585AC641018F20458B /* Project object */ = {
			isa = PBXProject;
			attributes = {
				BuildIndependentTargetsInParallel = 1;
				LastSwiftUpdateCheck = 1520;
				LastUpgradeCheck = 1520;
				TargetAttributes = {
					78ECB7E47D2840B4ACF28A7F = {
						CreatedOnToolsVersion = 15.2;
					};
				};
			};
			buildConfigurationList = 3E2C30E1A5F444C0A155728A /* Build configuration list for PBXProject "Doppel" */;
			compatibilityVersion = "Xcode 14.0";
			developmentRegion = en;
			hasScannedForEncodings = 0;
			knownRegions = (
				en,
				Base,
			);
			mainGroup = C9F62790119C4181882C5E7D;
			productRefGroup = DC582881ED78413A92C11F2B /* Products */;
			projectDirPath = "";
			projectRoot = "";
			targets = (
				78ECB7E47D2840B4ACF28A7F /* Doppel */,
			);
		};
/* End PBXProject section */

/* Begin PBXResourcesBuildPhase section */
		56C61B2DAFF94F899F54DF04 /* Resources */ = {
			isa = PBXResourcesBuildPhase;
			buildActionMask = 2147483647;
			files = (
				B9CFDF38191A420E9560EF86 /* Assets.xcassets in Resources */,
			);
			runOnlyForDeploymentPostprocessing = 0;
		};
/* End PBXResourcesBuildPhase section */

/* Begin PBXSourcesBuildPhase section */
		076F2FB75E654E568DA21DB7 /* Sources */ = {
			isa = PBXSourcesBuildPhase;
			buildActionMask = 2147483647;
			files = (
				85074EA08A26444987F567F5 /* DoppelApp.swift in Sources */,
				B7B9A0B2388F4675A931F516 /* Theme.swift in Sources */,
				C3598A2D0E4046A4B666939C /* Typography.swift in Sources */,
				2B94E29702AE496B9FDAFC54 /* Spacing.swift in Sources */,
				FE6CFBE57050481C8D0FD320 /* ViewModifiers.swift in Sources */,
				F4040CF17440445285925FE0 /* AvatarModel.swift in Sources */,
				51522E677B5A4F9EB46DE25D /* AvatarStore.swift in Sources */,
				C937431D72CD408CBE754433 /* AvatarFace.swift in Sources */,
				2C2A5C2AFC644D968EA51907 /* AvatarBody.swift in Sources */,
				1559DDF21C07494A8C34F5A3 /* AvatarView.swift in Sources */,
				9083C2C269C44CEEBB590057 /* AvatarCustomizeView.swift in Sources */,
				52E7D14DBEFC4F00B7A1E440 /* HomeView.swift in Sources */,
				10F36E032D3B46EBB5AFEF26 /* GlowBackground.swift in Sources */,
				A688C610D97C4E3097843B04 /* PrimaryButton.swift in Sources */,
				B63A69E9DABD4C6780D28584 /* IconButton.swift in Sources */,
				753E8CFDAF7842E2B2A439F8 /* TraitPicker.swift in Sources */,
				503F0EB740A64569AE8DCB07 /* DayStrip.swift in Sources */,
			);
			runOnlyForDeploymentPostprocessing = 0;
		};
/* End PBXSourcesBuildPhase section */

/* Begin XCBuildConfiguration section */
		D08677BA893740F782BE5E46 /* Debug */ = {
			isa = XCBuildConfiguration;
			buildSettings = {
				ALWAYS_SEARCH_USER_PATHS = NO;
				ASSETCATALOG_COMPILER_GENERATE_SWIFT_ASSET_SYMBOL_EXTENSIONS = YES;
				CLANG_ANALYZER_NONNULL = YES;
				CLANG_ANALYZER_NUMBER_OBJECT_CONVERSION = YES_AGGRESSIVE;
				CLANG_CXX_LANGUAGE_STANDARD = "gnu++20";
				CLANG_ENABLE_MODULES = YES;
				CLANG_ENABLE_OBJC_ARC = YES;
				CLANG_ENABLE_OBJC_WEAK = YES;
				CLANG_WARN_BLOCK_CAPTURE_AUTORELEASING = YES;
				CLANG_WARN_BOOL_CONVERSION = YES;
				CLANG_WARN_COMMA = YES;
				CLANG_WARN_CONSTANT_CONVERSION = YES;
				CLANG_WARN_DEPRECATED_OBJC_IMPLEMENTATIONS = YES;
				CLANG_WARN_DIRECT_OBJC_ISA_USAGE = YES_ERROR;
				CLANG_WARN_DOCUMENTATION_COMMENTS = YES;
				CLANG_WARN_EMPTY_BODY = YES;
				CLANG_WARN_ENUM_CONVERSION = YES;
				CLANG_WARN_INFINITE_RECURSION = YES;
				CLANG_WARN_INT_CONVERSION = YES;
				CLANG_WARN_NON_LITERAL_NULL_CONVERSION = YES;
				CLANG_WARN_OBJC_IMPLICIT_RETAIN_SELF = YES;
				CLANG_WARN_OBJC_LITERAL_CONVERSION = YES;
				CLANG_WARN_OBJC_ROOT_CLASS = YES_ERROR;
				CLANG_WARN_QUOTED_INCLUDE_IN_FRAMEWORK_HEADER = YES;
				CLANG_WARN_RANGE_LOOP_ANALYSIS = YES;
				CLANG_WARN_STRICT_PROTOTYPES = YES;
				CLANG_WARN_SUSPICIOUS_MOVE = YES;
				CLANG_WARN_UNGUARDED_AVAILABILITY = YES_AGGRESSIVE;
				CLANG_WARN_UNREACHABLE_CODE = YES;
				CLANG_WARN__DUPLICATE_METHOD_MATCH = YES;
				COPY_PHASE_STRIP = NO;
				DEBUG_INFORMATION_FORMAT = dwarf;
				ENABLE_STRICT_OBJC_MSGSEND = YES;
				ENABLE_TESTABILITY = YES;
				ENABLE_USER_SCRIPT_SANDBOXING = YES;
				GCC_C_LANGUAGE_STANDARD = gnu17;
				GCC_DYNAMIC_NO_PIC = NO;
				GCC_NO_COMMON_BLOCKS = YES;
				GCC_OPTIMIZATION_LEVEL = 0;
				GCC_PREPROCESSOR_DEFINITIONS = (
					"DEBUG=1",
					"$(inherited)",
				);
				GCC_WARN_64_TO_32_BIT_CONVERSION = YES;
				GCC_WARN_ABOUT_RETURN_TYPE = YES_ERROR;
				GCC_WARN_UNDECLARED_SELECTOR = YES;
				GCC_WARN_UNINITIALIZED_AUTOS = YES_AGGRESSIVE;
				GCC_WARN_UNUSED_FUNCTION = YES;
				GCC_WARN_UNUSED_VARIABLE = YES;
				IPHONEOS_DEPLOYMENT_TARGET = 17.0;
				LOCALIZATION_PREFERS_STRING_CATALOGS = YES;
				MTL_ENABLE_DEBUG_INFO = INCLUDE_SOURCE;
				MTL_FAST_MATH = YES;
				ONLY_ACTIVE_ARCH = YES;
				SDKROOT = iphoneos;
				SWIFT_ACTIVE_COMPILATION_CONDITIONS = DEBUG;
				SWIFT_OPTIMIZATION_LEVEL = "-Onone";
			};
			name = Debug;
		};
		9FF3244C636E450E94E283A8 /* Release */ = {
			isa = XCBuildConfiguration;
			buildSettings = {
				ALWAYS_SEARCH_USER_PATHS = NO;
				ASSETCATALOG_COMPILER_GENERATE_SWIFT_ASSET_SYMBOL_EXTENSIONS = YES;
				CLANG_ANALYZER_NONNULL = YES;
				CLANG_ANALYZER_NUMBER_OBJECT_CONVERSION = YES_AGGRESSIVE;
				CLANG_CXX_LANGUAGE_STANDARD = "gnu++20";
				CLANG_ENABLE_MODULES = YES;
				CLANG_ENABLE_OBJC_ARC = YES;
				CLANG_ENABLE_OBJC_WEAK = YES;
				CLANG_WARN_BLOCK_CAPTURE_AUTORELEASING = YES;
				CLANG_WARN_BOOL_CONVERSION = YES;
				CLANG_WARN_COMMA = YES;
				CLANG_WARN_CONSTANT_CONVERSION = YES;
				CLANG_WARN_DEPRECATED_OBJC_IMPLEMENTATIONS = YES;
				CLANG_WARN_DIRECT_OBJC_ISA_USAGE = YES_ERROR;
				CLANG_WARN_DOCUMENTATION_COMMENTS = YES;
				CLANG_WARN_EMPTY_BODY = YES;
				CLANG_WARN_ENUM_CONVERSION = YES;
				CLANG_WARN_INFINITE_RECURSION = YES;
				CLANG_WARN_INT_CONVERSION = YES;
				CLANG_WARN_NON_LITERAL_NULL_CONVERSION = YES;
				CLANG_WARN_OBJC_IMPLICIT_RETAIN_SELF = YES;
				CLANG_WARN_OBJC_LITERAL_CONVERSION = YES;
				CLANG_WARN_OBJC_ROOT_CLASS = YES_ERROR;
				CLANG_WARN_QUOTED_INCLUDE_IN_FRAMEWORK_HEADER = YES;
				CLANG_WARN_RANGE_LOOP_ANALYSIS = YES;
				CLANG_WARN_STRICT_PROTOTYPES = YES;
				CLANG_WARN_SUSPICIOUS_MOVE = YES;
				CLANG_WARN_UNGUARDED_AVAILABILITY = YES_AGGRESSIVE;
				CLANG_WARN_UNREACHABLE_CODE = YES;
				CLANG_WARN__DUPLICATE_METHOD_MATCH = YES;
				COPY_PHASE_STRIP = NO;
				DEBUG_INFORMATION_FORMAT = "dwarf-with-dsym";
				ENABLE_NS_ASSERTIONS = NO;
				ENABLE_STRICT_OBJC_MSGSEND = YES;
				ENABLE_USER_SCRIPT_SANDBOXING = YES;
				GCC_C_LANGUAGE_STANDARD = gnu17;
				GCC_NO_COMMON_BLOCKS = YES;
				GCC_WARN_64_TO_32_BIT_CONVERSION = YES;
				GCC_WARN_ABOUT_RETURN_TYPE = YES_ERROR;
				GCC_WARN_UNDECLARED_SELECTOR = YES;
				GCC_WARN_UNINITIALIZED_AUTOS = YES_AGGRESSIVE;
				GCC_WARN_UNUSED_FUNCTION = YES;
				GCC_WARN_UNUSED_VARIABLE = YES;
				IPHONEOS_DEPLOYMENT_TARGET = 17.0;
				LOCALIZATION_PREFERS_STRING_CATALOGS = YES;
				MTL_ENABLE_DEBUG_INFO = NO;
				MTL_FAST_MATH = YES;
				SDKROOT = iphoneos;
				SWIFT_COMPILATION_MODE = wholemodule;
				VALIDATE_PRODUCT = YES;
			};
			name = Release;
		};
		5FE273262FF34C5EAF752ACB /* Debug */ = {
			isa = XCBuildConfiguration;
			buildSettings = {
				ASSETCATALOG_COMPILER_APPICON_NAME = AppIcon;
				ASSETCATALOG_COMPILER_GLOBAL_ACCENT_COLOR_NAME = AccentColor;
				CODE_SIGN_STYLE = Automatic;
				CURRENT_PROJECT_VERSION = 1;
				DEVELOPMENT_ASSET_PATHS = "\"Doppel/Preview Content\"";
				ENABLE_PREVIEWS = YES;
				GENERATE_INFOPLIST_FILE = YES;
				INFOPLIST_KEY_CFBundleDisplayName = Doppel;
				INFOPLIST_KEY_UIApplicationSceneManifest_Generation = YES;
				INFOPLIST_KEY_UIApplicationSupportsIndirectInputEvents = YES;
				INFOPLIST_KEY_UILaunchScreen_Generation = YES;
				INFOPLIST_KEY_UISupportedInterfaceOrientations = UIInterfaceOrientationPortrait;
				IPHONEOS_DEPLOYMENT_TARGET = 17.0;
				LD_RUNPATH_SEARCH_PATHS = (
					"$(inherited)",
					"@executable_path/Frameworks",
				);
				MARKETING_VERSION = 1.0;
				PRODUCT_BUNDLE_IDENTIFIER = com.doppel.app;
				PRODUCT_NAME = "$(TARGET_NAME)";
				SWIFT_EMIT_LOC_STRINGS = YES;
				SWIFT_VERSION = 5.0;
				TARGETED_DEVICE_FAMILY = 1;
			};
			name = Debug;
		};
		6A1DB2211E4246DE80FC19E8 /* Release */ = {
			isa = XCBuildConfiguration;
			buildSettings = {
				ASSETCATALOG_COMPILER_APPICON_NAME = AppIcon;
				ASSETCATALOG_COMPILER_GLOBAL_ACCENT_COLOR_NAME = AccentColor;
				CODE_SIGN_STYLE = Automatic;
				CURRENT_PROJECT_VERSION = 1;
				DEVELOPMENT_ASSET_PATHS = "\"Doppel/Preview Content\"";
				ENABLE_PREVIEWS = YES;
				GENERATE_INFOPLIST_FILE = YES;
				INFOPLIST_KEY_CFBundleDisplayName = Doppel;
				INFOPLIST_KEY_UIApplicationSceneManifest_Generation = YES;
				INFOPLIST_KEY_UIApplicationSupportsIndirectInputEvents = YES;
				INFOPLIST_KEY_UILaunchScreen_Generation = YES;
				INFOPLIST_KEY_UISupportedInterfaceOrientations = UIInterfaceOrientationPortrait;
				IPHONEOS_DEPLOYMENT_TARGET = 17.0;
				LD_RUNPATH_SEARCH_PATHS = (
					"$(inherited)",
					"@executable_path/Frameworks",
				);
				MARKETING_VERSION = 1.0;
				PRODUCT_BUNDLE_IDENTIFIER = com.doppel.app;
				PRODUCT_NAME = "$(TARGET_NAME)";
				SWIFT_EMIT_LOC_STRINGS = YES;
				SWIFT_VERSION = 5.0;
				TARGETED_DEVICE_FAMILY = 1;
			};
			name = Release;
		};
/* End XCBuildConfiguration section */

/* Begin XCConfigurationList section */
		3E2C30E1A5F444C0A155728A /* Build configuration list for PBXProject "Doppel" */ = {
			isa = XCConfigurationList;
			buildConfigurations = (
				D08677BA893740F782BE5E46 /* Debug */,
				9FF3244C636E450E94E283A8 /* Release */,
			);
			defaultConfigurationIsVisible = 0;
			defaultConfigurationName = Release;
		};
		AF2CBE2637F5468380496942 /* Build configuration list for PBXNativeTarget "Doppel" */ = {
			isa = XCConfigurationList;
			buildConfigurations = (
				5FE273262FF34C5EAF752ACB /* Debug */,
				6A1DB2211E4246DE80FC19E8 /* Release */,
			);
			defaultConfigurationIsVisible = 0;
			defaultConfigurationName = Release;
		};
/* End XCConfigurationList section */
	};
	rootObject = B878E5585AC641018F20458B /* Project object */;
}
